Microsoft Visual Studio Solution File, Format Version 12.00
# Visual Studio 2012
Project("{FAE04EC0-301F-11D3-BF4B-00C04F79EFBC}") = "adapter_test", "adapter_test.csproj", "{856BF965-5E6D-423C-AEC0-6CD9DEA12CF3}"
EndProject
Global
	GlobalSection(SolutionConfigurationPlatforms) = preSolution
	Debug|Any CPU = Debug|Any CPU
	ExportDebug|Any CPU = ExportDebug|Any CPU
	ExportRelease|Any CPU = ExportRelease|Any CPU
	EndGlobalSection
	GlobalSection(ProjectConfigurationPlatforms) = postSolution
		{856BF965-5E6D-423C-AEC0-6CD9DEA12CF3}.Debug|Any CPU.ActiveCfg = Debug|Any CPU
		{856BF965-5E6D-423C-AEC0-6CD9DEA12CF3}.Debug|Any CPU.Build.0 = Debug|Any CPU
		{856BF965-5E6D-423C-AEC0-6CD9DEA12CF3}.ExportDebug|Any CPU.ActiveCfg = ExportDebug|Any CPU
		{856BF965-5E6D-423C-AEC0-6CD9DEA12CF3}.ExportDebug|Any CPU.Build.0 = ExportDebug|Any CPU
		{856BF965-5E6D-423C-AEC0-6CD9DEA12CF3}.ExportRelease|Any CPU.ActiveCfg = ExportRelease|Any CPU
		{856BF965-5E6D-423C-AEC0-6CD9DEA12CF3}.ExportRelease|Any CPU.Build.0 = ExportRelease|Any CPU
	EndGlobalSection
EndGlobal
